
Microsoft Visual Studio Solution File, Format Version 12.00
# Visual Studio 15
VisualStudioVersion = 15.0.28307.421
MinimumVisualStudioVersion = 10.0.40219.1
Project("{FAE04EC0-301F-11D3-BF4B-00C04F79EFBC}") = "ProjectManagementSystem", "ProjectManagementSystem\ProjectManagementSystem.csproj", "{4E335A62-A54C-467E-A630-151D1E973D7E}"
EndProject
Global
	GlobalSection(SolutionConfigurationPlatforms) = preSolution
		Debug|Any CPU = Debug|Any CPU
		Release|Any CPU = Release|Any CPU
	EndGlobalSection
	GlobalSection(ProjectConfigurationPlatforms) = postSolution
		{4E335A62-A54C-467E-A630-151D1E973D7E}.Debug|Any CPU.ActiveCfg = Debug|Any CPU
		{4E335A62-A54C-467E-A630-151D1E973D7E}.Debug|Any CPU.Build.0 = Debug|Any CPU
		{4E335A62-A54C-467E-A630-151D1E973D7E}.Release|Any CPU.ActiveCfg = Release|Any CPU
		{4E335A62-A54C-467E-A630-151D1E973D7E}.Release|Any CPU.Build.0 = Release|Any CPU
	EndGlobalSection
	GlobalSection(SolutionProperties) = preSolution
		HideSolutionNode = FALSE
	EndGlobalSection
	GlobalSection(ExtensibilityGlobals) = postSolution
		SolutionGuid = {9219E337-E38E-469B-934E-5CA4766B1388}
	EndGlobalSection
EndGlobal
